
Microsoft Visual Studio Solution File, Format Version 12.00
# Visual Studio Version 16
VisualStudioVersion = 25.0.1704.2
MinimumVisualStudioVersion = 10.0.40219.1
Project("{FAE04EC0-301F-11D3-BF4B-00C04F79EFBC}") = "RectangularExample", "RectangularExample\RectangularExample.csproj", "{C84A7A42-BD17-4C72-90AF-C3FF34B6C366}"
EndProject
Global
	GlobalSection(SolutionConfigurationPlatforms) = preSolution
		Debug|Any CPU = Debug|Any CPU
		Release|Any CPU = Release|Any CPU
	EndGlobalSection
	GlobalSection(ProjectConfigurationPlatforms) = postSolution
		{C84A7A42-BD17-4C72-90AF-C3FF34B6C366}.Debug|Any CPU.ActiveCfg = Debug|Any CPU
		{C84A7A42-BD17-4C72-90AF-C3FF34B6C366}.Debug|Any CPU.Build.0 = Debug|Any CPU
		{C84A7A42-BD17-4C72-90AF-C3FF34B6C366}.Release|Any CPU.ActiveCfg = Release|Any CPU
		{C84A7A42-BD17-4C72-90AF-C3FF34B6C366}.Release|Any CPU.Build.0 = Release|Any CPU
	EndGlobalSection
	GlobalSection(SolutionProperties) = preSolution
		HideSolutionNode = FALSE
	EndGlobalSection
	GlobalSection(ExtensibilityGlobals) = postSolution
		SolutionGuid = {3BA2C5C1-D657-49EB-8458-4FDF9A2FD385}
	EndGlobalSection
EndGlobal
